
Microsoft Visual Studio Solution File, Format Version 12.00
# Visual Studio Version 17
VisualStudioVersion = 17.0.32014.148
MinimumVisualStudioVersion = 10.0.40219.1
Project("{2150E333-8FDC-42A3-9474-1A3956D46DE8}") = "Solution Items", "Solution Items", "{C65D1FED-671B-4A59-9068-658EEC68DDC6}"
	ProjectSection(SolutionItems) = preProject
		.editorconfig = .editorconfig
	EndProjectSection
EndProject
Project("{FAE04EC0-301F-11D3-BF4B-00C04F79EFBC}") = "DungeonResearcher", "BattleShips\DungeonResearcher.csproj", "{DEBD2777-F78A-475C-AE55-82C160CD7D12}"
EndProject
Project("{FAE04EC0-301F-11D3-BF4B-00C04F79EFBC}") = "GameClasses", "..\..\..\..\lyabes\CourseProject\GameClasses\GameClasses.csproj", "{C5B0D65F-955E-4E8D-84F1-092AF4F9CBB7}"
EndProject
Global
	GlobalSection(SolutionConfigurationPlatforms) = preSolution
		Debug|Any CPU = Debug|Any CPU
		Release|Any CPU = Release|Any CPU
	EndGlobalSection
	GlobalSection(ProjectConfigurationPlatforms) = postSolution
		{DEBD2777-F78A-475C-AE55-82C160CD7D12}.Debug|Any CPU.ActiveCfg = Debug|Any CPU
		{DEBD2777-F78A-475C-AE55-82C160CD7D12}.Debug|Any CPU.Build.0 = Debug|Any CPU
		{DEBD2777-F78A-475C-AE55-82C160CD7D12}.Release|Any CPU.ActiveCfg = Release|Any CPU
		{DEBD2777-F78A-475C-AE55-82C160CD7D12}.Release|Any CPU.Build.0 = Release|Any CPU
		{C5B0D65F-955E-4E8D-84F1-092AF4F9CBB7}.Debug|Any CPU.ActiveCfg = Debug|Any CPU
		{C5B0D65F-955E-4E8D-84F1-092AF4F9CBB7}.Debug|Any CPU.Build.0 = Debug|Any CPU
		{C5B0D65F-955E-4E8D-84F1-092AF4F9CBB7}.Release|Any CPU.ActiveCfg = Release|Any CPU
		{C5B0D65F-955E-4E8D-84F1-092AF4F9CBB7}.Release|Any CPU.Build.0 = Release|Any CPU
	EndGlobalSection
	GlobalSection(SolutionProperties) = preSolution
		HideSolutionNode = FALSE
	EndGlobalSection
	GlobalSection(ExtensibilityGlobals) = postSolution
		SolutionGuid = {03FD4E6E-C74A-4C75-9F2F-A4A33B0987AE}
	EndGlobalSection
EndGlobal
